
Microsoft Visual Studio Solution File, Format Version 12.00
# Visual Studio Version 16
VisualStudioVersion = 16.0.28803.352
MinimumVisualStudioVersion = 10.0.40219.1
Project("{8BC9CEB8-8B4A-11D0-8D11-00A0C91BC942}") = "test_modules", "test_modules.vcxproj", "{82946AB6-E190-4FB2-A85E-6120ED08E74E}"
EndProject
Global
	GlobalSection(SolutionConfigurationPlatforms) = preSolution
		Debug|x64 = Debug|x64
		Release|x64 = Release|x64
	EndGlobalSection
	GlobalSection(ProjectConfigurationPlatforms) = postSolution
		{82946AB6-E190-4FB2-A85E-6120ED08E74E}.Debug|x64.ActiveCfg = Debug|x64
		{82946AB6-E190-4FB2-A85E-6120ED08E74E}.Debug|x64.Build.0 = Debug|x64
		{82946AB6-E190-4FB2-A85E-6120ED08E74E}.Release|x64.ActiveCfg = Release|x64
		{82946AB6-E190-4FB2-A85E-6120ED08E74E}.Release|x64.Build.0 = Release|x64
	EndGlobalSection
	GlobalSection(SolutionProperties) = preSolution
		HideSolutionNode = FALSE
	EndGlobalSection
	GlobalSection(ExtensibilityGlobals) = postSolution
		SolutionGuid = {95D4B3C9-4016-495A-9F44-A0276D650C9F}
	EndGlobalSection
EndGlobal
